
Microsoft Visual Studio Solution File, Format Version 12.00
# Visual Studio Version 16
VisualStudioVersion = 16.0.30204.135
MinimumVisualStudioVersion = 10.0.40219.1
Project("{FAE04EC0-301F-11D3-BF4B-00C04F79EFBC}") = "DesktopContactsApp", "DesktopContactsApp\DesktopContactsApp.csproj", "{895BA499-AEFD-4846-902F-855788D83337}"
EndProject
Global
	GlobalSection(SolutionConfigurationPlatforms) = preSolution
		Debug|Any CPU = Debug|Any CPU
		Release|Any CPU = Release|Any CPU
	EndGlobalSection
	GlobalSection(ProjectConfigurationPlatforms) = postSolution
		{895BA499-AEFD-4846-902F-855788D83337}.Debug|Any CPU.ActiveCfg = Debug|Any CPU
		{895BA499-AEFD-4846-902F-855788D83337}.Debug|Any CPU.Build.0 = Debug|Any CPU
		{895BA499-AEFD-4846-902F-855788D83337}.Release|Any CPU.ActiveCfg = Release|Any CPU
		{895BA499-AEFD-4846-902F-855788D83337}.Release|Any CPU.Build.0 = Release|Any CPU
	EndGlobalSection
	GlobalSection(SolutionProperties) = preSolution
		HideSolutionNode = FALSE
	EndGlobalSection
	GlobalSection(ExtensibilityGlobals) = postSolution
		SolutionGuid = {F9CE0282-7DE3-4F90-B803-0720F67E4EED}
	EndGlobalSection
EndGlobal
